
Microsoft Visual Studio Solution File, Format Version 12.00
# Visual Studio Version 17
VisualStudioVersion = 17.10.35013.160
MinimumVisualStudioVersion = 10.0.40219.1
Project("{FAE04EC0-301F-11D3-BF4B-00C04F79EFBC}") = "GoodWillCharity_DotNet_API", "GoodWillCharity_DotNet_API\GoodWillCharity_DotNet_API.csproj", "{BC23466A-F775-49FE-9D62-718F0F327E64}"
EndProject
Global
	GlobalSection(SolutionConfigurationPlatforms) = preSolution
		Debug|Any CPU = Debug|Any CPU
		Release|Any CPU = Release|Any CPU
	EndGlobalSection
	GlobalSection(ProjectConfigurationPlatforms) = postSolution
		{BC23466A-F775-49FE-9D62-718F0F327E64}.Debug|Any CPU.ActiveCfg = Debug|Any CPU
		{BC23466A-F775-49FE-9D62-718F0F327E64}.Debug|Any CPU.Build.0 = Debug|Any CPU
		{BC23466A-F775-49FE-9D62-718F0F327E64}.Release|Any CPU.ActiveCfg = Release|Any CPU
		{BC23466A-F775-49FE-9D62-718F0F327E64}.Release|Any CPU.Build.0 = Release|Any CPU
	EndGlobalSection
	GlobalSection(SolutionProperties) = preSolution
		HideSolutionNode = FALSE
	EndGlobalSection
	GlobalSection(ExtensibilityGlobals) = postSolution
		SolutionGuid = {8FE20022-E518-42DE-B7B2-E3F1E94B8176}
	EndGlobalSection
EndGlobal
